
Microsoft Visual Studio Solution File, Format Version 12.00
Project("{FAE04EC0-301F-11D3-BF4B-00C04F79EFBC}") = "StigsUtils", "Utils\StigsUtils\StigsUtils.csproj", "{0EFA44C0-681E-4E17-9F96-0ACFC1E79103}"
EndProject
Project("{FAE04EC0-301F-11D3-BF4B-00C04F79EFBC}") = "StigsUtils.Tests", "Utils\StigsUtils.Tests\StigsUtils.Tests.csproj", "{206FD2B2-D359-45ED-A6B9-4D7061267EE8}"
EndProject
Project("{FAE04EC0-301F-11D3-BF4B-00C04F79EFBC}") = "StigsUtils.TestUtils", "Utils\StigsUtils.TestUtils\StigsUtils.TestUtils.csproj", "{61571951-13DD-4875-ACA6-EECE9AF56CD9}"
EndProject
Project("{2150E333-8FDC-42A3-9474-1A3956D46DE8}") = "Utils", "Utils", "{864E7842-358C-4834-B4EE-16C8C130FD5D}"
EndProject
Project("{2150E333-8FDC-42A3-9474-1A3956D46DE8}") = "Benchmarks", "Benchmarks", "{C90BAB6C-971C-4460-880D-AB4ADF2A3411}"
EndProject
Project("{2150E333-8FDC-42A3-9474-1A3956D46DE8}") = "Experiments", "Experiments", "{EA8AD3A8-D1A3-477F-88BC-410B8F5D415C}"
EndProject
Project("{FAE04EC0-301F-11D3-BF4B-00C04F79EFBC}") = "Web.Api.Middleware", "Experiments\Web.Api.Middleware\Web.Api.Middleware.csproj", "{DDFE7DF6-686A-462B-9EBC-2A90CC42F5D2}"
EndProject
Global
	GlobalSection(SolutionConfigurationPlatforms) = preSolution
		Debug|Any CPU = Debug|Any CPU
		Release|Any CPU = Release|Any CPU
	EndGlobalSection
	GlobalSection(ProjectConfigurationPlatforms) = postSolution
		{0EFA44C0-681E-4E17-9F96-0ACFC1E79103}.Debug|Any CPU.ActiveCfg = Debug|Any CPU
		{0EFA44C0-681E-4E17-9F96-0ACFC1E79103}.Debug|Any CPU.Build.0 = Debug|Any CPU
		{0EFA44C0-681E-4E17-9F96-0ACFC1E79103}.Release|Any CPU.ActiveCfg = Release|Any CPU
		{0EFA44C0-681E-4E17-9F96-0ACFC1E79103}.Release|Any CPU.Build.0 = Release|Any CPU
		{206FD2B2-D359-45ED-A6B9-4D7061267EE8}.Debug|Any CPU.ActiveCfg = Debug|Any CPU
		{206FD2B2-D359-45ED-A6B9-4D7061267EE8}.Debug|Any CPU.Build.0 = Debug|Any CPU
		{206FD2B2-D359-45ED-A6B9-4D7061267EE8}.Release|Any CPU.ActiveCfg = Release|Any CPU
		{206FD2B2-D359-45ED-A6B9-4D7061267EE8}.Release|Any CPU.Build.0 = Release|Any CPU
		{61571951-13DD-4875-ACA6-EECE9AF56CD9}.Debug|Any CPU.ActiveCfg = Debug|Any CPU
		{61571951-13DD-4875-ACA6-EECE9AF56CD9}.Debug|Any CPU.Build.0 = Debug|Any CPU
		{61571951-13DD-4875-ACA6-EECE9AF56CD9}.Release|Any CPU.ActiveCfg = Release|Any CPU
		{61571951-13DD-4875-ACA6-EECE9AF56CD9}.Release|Any CPU.Build.0 = Release|Any CPU
		{DDFE7DF6-686A-462B-9EBC-2A90CC42F5D2}.Debug|Any CPU.ActiveCfg = Debug|Any CPU
		{DDFE7DF6-686A-462B-9EBC-2A90CC42F5D2}.Debug|Any CPU.Build.0 = Debug|Any CPU
		{DDFE7DF6-686A-462B-9EBC-2A90CC42F5D2}.Release|Any CPU.ActiveCfg = Release|Any CPU
		{DDFE7DF6-686A-462B-9EBC-2A90CC42F5D2}.Release|Any CPU.Build.0 = Release|Any CPU
	EndGlobalSection
	GlobalSection(NestedProjects) = preSolution
		{206FD2B2-D359-45ED-A6B9-4D7061267EE8} = {864E7842-358C-4834-B4EE-16C8C130FD5D}
		{0EFA44C0-681E-4E17-9F96-0ACFC1E79103} = {864E7842-358C-4834-B4EE-16C8C130FD5D}
		{61571951-13DD-4875-ACA6-EECE9AF56CD9} = {864E7842-358C-4834-B4EE-16C8C130FD5D}
		{DDFE7DF6-686A-462B-9EBC-2A90CC42F5D2} = {EA8AD3A8-D1A3-477F-88BC-410B8F5D415C}
	EndGlobalSection
EndGlobal
