
Microsoft Visual Studio Solution File, Format Version 12.00
Project("{FAE04EC0-301F-11D3-BF4B-00C04F79EFBC}") = "StigsUtils", "Utils\StigsUtils\StigsUtils.csproj", "{0EFA44C0-681E-4E17-9F96-0ACFC1E79103}"
EndProject
Project("{FAE04EC0-301F-11D3-BF4B-00C04F79EFBC}") = "StigsUtils.Tests", "Utils\StigsUtils.Tests\StigsUtils.Tests.csproj", "{206FD2B2-D359-45ED-A6B9-4D7061267EE8}"
EndProject
Project("{FAE04EC0-301F-11D3-BF4B-00C04F79EFBC}") = "StigsUtils.TestUtils", "Utils\StigsUtils.TestUtils\StigsUtils.TestUtils.csproj", "{61571951-13DD-4875-ACA6-EECE9AF56CD9}"
EndProject
Project("{2150E333-8FDC-42A3-9474-1A3956D46DE8}") = "Utils", "Utils", "{864E7842-358C-4834-B4EE-16C8C130FD5D}"
EndProject
Project("{2150E333-8FDC-42A3-9474-1A3956D46DE8}") = "Benchmarks", "Benchmarks", "{C90BAB6C-971C-4460-880D-AB4ADF2A3411}"
EndProject
Project("{2150E333-8FDC-42A3-9474-1A3956D46DE8}") = "Experiments", "Experiments", "{EA8AD3A8-D1A3-477F-88BC-410B8F5D415C}"
EndProject
Project("{FAE04EC0-301F-11D3-BF4B-00C04F79EFBC}") = "Web.Api.Middleware", "Experiments\Web.Api.Middleware\Web.Api.Middleware.csproj", "{DDFE7DF6-686A-462B-9EBC-2A90CC42F5D2}"
EndProject
Project("{FAE04EC0-301F-11D3-BF4B-00C04F79EFBC}") = "StigsUtils.AspNet", "Utils\StigsUtils.AspNet\StigsUtils.AspNet.csproj", "{7EECA245-2FDA-475E-95B6-2FE379D69FB3}"
EndProject
Project("{FAE04EC0-301F-11D3-BF4B-00C04F79EFBC}") = "StigsUtils.SqlServer", "Utils\StigsUtils.SqlServer\StigsUtils.SqlServer.csproj", "{BBAF8C65-B6FB-40CC-B955-106C50B9F9DF}"
EndProject
Project("{FAE04EC0-301F-11D3-BF4B-00C04F79EFBC}") = "StigsUtils.SqlServer.Tests", "Utils\StigsUtils.SqlServer.Tests\StigsUtils.SqlServer.Tests.csproj", "{25E7A21F-C617-44DE-BEF1-8F8FC749091D}"
EndProject
Project("{FAE04EC0-301F-11D3-BF4B-00C04F79EFBC}") = "StigsUtils.Serilog", "Utils\StigsUtils.Serilog\StigsUtils.Serilog.csproj", "{2D5465D9-4932-4090-BAE9-5757F49F54CB}"
EndProject
Global
	GlobalSection(SolutionConfigurationPlatforms) = preSolution
		Debug|Any CPU = Debug|Any CPU
		Release|Any CPU = Release|Any CPU
	EndGlobalSection
	GlobalSection(ProjectConfigurationPlatforms) = postSolution
		{0EFA44C0-681E-4E17-9F96-0ACFC1E79103}.Debug|Any CPU.ActiveCfg = Debug|Any CPU
		{0EFA44C0-681E-4E17-9F96-0ACFC1E79103}.Debug|Any CPU.Build.0 = Debug|Any CPU
		{0EFA44C0-681E-4E17-9F96-0ACFC1E79103}.Release|Any CPU.ActiveCfg = Release|Any CPU
		{0EFA44C0-681E-4E17-9F96-0ACFC1E79103}.Release|Any CPU.Build.0 = Release|Any CPU
		{206FD2B2-D359-45ED-A6B9-4D7061267EE8}.Debug|Any CPU.ActiveCfg = Debug|Any CPU
		{206FD2B2-D359-45ED-A6B9-4D7061267EE8}.Debug|Any CPU.Build.0 = Debug|Any CPU
		{206FD2B2-D359-45ED-A6B9-4D7061267EE8}.Release|Any CPU.ActiveCfg = Release|Any CPU
		{206FD2B2-D359-45ED-A6B9-4D7061267EE8}.Release|Any CPU.Build.0 = Release|Any CPU
		{61571951-13DD-4875-ACA6-EECE9AF56CD9}.Debug|Any CPU.ActiveCfg = Debug|Any CPU
		{61571951-13DD-4875-ACA6-EECE9AF56CD9}.Debug|Any CPU.Build.0 = Debug|Any CPU
		{61571951-13DD-4875-ACA6-EECE9AF56CD9}.Release|Any CPU.ActiveCfg = Release|Any CPU
		{61571951-13DD-4875-ACA6-EECE9AF56CD9}.Release|Any CPU.Build.0 = Release|Any CPU
		{DDFE7DF6-686A-462B-9EBC-2A90CC42F5D2}.Debug|Any CPU.ActiveCfg = Debug|Any CPU
		{DDFE7DF6-686A-462B-9EBC-2A90CC42F5D2}.Debug|Any CPU.Build.0 = Debug|Any CPU
		{DDFE7DF6-686A-462B-9EBC-2A90CC42F5D2}.Release|Any CPU.ActiveCfg = Release|Any CPU
		{DDFE7DF6-686A-462B-9EBC-2A90CC42F5D2}.Release|Any CPU.Build.0 = Release|Any CPU
		{7EECA245-2FDA-475E-95B6-2FE379D69FB3}.Debug|Any CPU.ActiveCfg = Debug|Any CPU
		{7EECA245-2FDA-475E-95B6-2FE379D69FB3}.Debug|Any CPU.Build.0 = Debug|Any CPU
		{7EECA245-2FDA-475E-95B6-2FE379D69FB3}.Release|Any CPU.ActiveCfg = Release|Any CPU
		{7EECA245-2FDA-475E-95B6-2FE379D69FB3}.Release|Any CPU.Build.0 = Release|Any CPU
		{BBAF8C65-B6FB-40CC-B955-106C50B9F9DF}.Debug|Any CPU.ActiveCfg = Debug|Any CPU
		{BBAF8C65-B6FB-40CC-B955-106C50B9F9DF}.Debug|Any CPU.Build.0 = Debug|Any CPU
		{BBAF8C65-B6FB-40CC-B955-106C50B9F9DF}.Release|Any CPU.ActiveCfg = Release|Any CPU
		{BBAF8C65-B6FB-40CC-B955-106C50B9F9DF}.Release|Any CPU.Build.0 = Release|Any CPU
		{25E7A21F-C617-44DE-BEF1-8F8FC749091D}.Debug|Any CPU.ActiveCfg = Debug|Any CPU
		{25E7A21F-C617-44DE-BEF1-8F8FC749091D}.Debug|Any CPU.Build.0 = Debug|Any CPU
		{25E7A21F-C617-44DE-BEF1-8F8FC749091D}.Release|Any CPU.ActiveCfg = Release|Any CPU
		{25E7A21F-C617-44DE-BEF1-8F8FC749091D}.Release|Any CPU.Build.0 = Release|Any CPU
		{2D5465D9-4932-4090-BAE9-5757F49F54CB}.Debug|Any CPU.ActiveCfg = Debug|Any CPU
		{2D5465D9-4932-4090-BAE9-5757F49F54CB}.Debug|Any CPU.Build.0 = Debug|Any CPU
		{2D5465D9-4932-4090-BAE9-5757F49F54CB}.Release|Any CPU.ActiveCfg = Release|Any CPU
		{2D5465D9-4932-4090-BAE9-5757F49F54CB}.Release|Any CPU.Build.0 = Release|Any CPU
	EndGlobalSection
	GlobalSection(NestedProjects) = preSolution
		{206FD2B2-D359-45ED-A6B9-4D7061267EE8} = {864E7842-358C-4834-B4EE-16C8C130FD5D}
		{0EFA44C0-681E-4E17-9F96-0ACFC1E79103} = {864E7842-358C-4834-B4EE-16C8C130FD5D}
		{61571951-13DD-4875-ACA6-EECE9AF56CD9} = {864E7842-358C-4834-B4EE-16C8C130FD5D}
		{DDFE7DF6-686A-462B-9EBC-2A90CC42F5D2} = {EA8AD3A8-D1A3-477F-88BC-410B8F5D415C}
		{7EECA245-2FDA-475E-95B6-2FE379D69FB3} = {864E7842-358C-4834-B4EE-16C8C130FD5D}
		{BBAF8C65-B6FB-40CC-B955-106C50B9F9DF} = {864E7842-358C-4834-B4EE-16C8C130FD5D}
		{25E7A21F-C617-44DE-BEF1-8F8FC749091D} = {864E7842-358C-4834-B4EE-16C8C130FD5D}
		{2D5465D9-4932-4090-BAE9-5757F49F54CB} = {864E7842-358C-4834-B4EE-16C8C130FD5D}
	EndGlobalSection
EndGlobal
